
Microsoft Visual Studio Solution File, Format Version 11.00
# Visual Studio 2010
Project("{FAE04EC0-301F-11D3-BF4B-00C04F79EFBC}") = "P19-Static Methods", "P19-Static Methods.csproj", "{A487B93A-5552-45FE-B07A-933177BD731F}"
EndProject
Global
	GlobalSection(SolutionConfigurationPlatforms) = preSolution
		Debug|Any CPU = Debug|Any CPU
		Release|Any CPU = Release|Any CPU
	EndGlobalSection
	GlobalSection(ProjectConfigurationPlatforms) = postSolution
		{A487B93A-5552-45FE-B07A-933177BD731F}.Debug|Any CPU.ActiveCfg = Debug|Any CPU
		{A487B93A-5552-45FE-B07A-933177BD731F}.Debug|Any CPU.Build.0 = Debug|Any CPU
		{A487B93A-5552-45FE-B07A-933177BD731F}.Release|Any CPU.ActiveCfg = Release|Any CPU
		{A487B93A-5552-45FE-B07A-933177BD731F}.Release|Any CPU.Build.0 = Release|Any CPU
	EndGlobalSection
	GlobalSection(SolutionProperties) = preSolution
		HideSolutionNode = FALSE
	EndGlobalSection
EndGlobal
