
Microsoft Visual Studio Solution File, Format Version 12.00
# Visual Studio 2012
Project("{FAE04EC0-301F-11D3-BF4B-00C04F79EFBC}") = "EG2-MappingMultipleTablesToAnEntity", "EG2-MappingMultipleTablesToAnEntity.csproj", "{50876440-0FD5-4ECC-A783-1FE63E0CD1FE}"
EndProject
Global
	GlobalSection(SolutionConfigurationPlatforms) = preSolution
		Debug|Any CPU = Debug|Any CPU
		Release|Any CPU = Release|Any CPU
	EndGlobalSection
	GlobalSection(ProjectConfigurationPlatforms) = postSolution
		{50876440-0FD5-4ECC-A783-1FE63E0CD1FE}.Debug|Any CPU.ActiveCfg = Debug|Any CPU
		{50876440-0FD5-4ECC-A783-1FE63E0CD1FE}.Debug|Any CPU.Build.0 = Debug|Any CPU
		{50876440-0FD5-4ECC-A783-1FE63E0CD1FE}.Release|Any CPU.ActiveCfg = Release|Any CPU
		{50876440-0FD5-4ECC-A783-1FE63E0CD1FE}.Release|Any CPU.Build.0 = Release|Any CPU
	EndGlobalSection
	GlobalSection(SolutionProperties) = preSolution
		HideSolutionNode = FALSE
	EndGlobalSection
EndGlobal
