
Microsoft Visual Studio Solution File, Format Version 12.00
# Visual Studio 15
VisualStudioVersion = 15.0.27703.2042
MinimumVisualStudioVersion = 10.0.40219.1
Project("{FAE04EC0-301F-11D3-BF4B-00C04F79EFBC}") = "00-CoffeeStruc", "00-CoffeeStruc\00-CoffeeStruc.csproj", "{90D80AA8-DC37-4737-AFED-288FD6F50729}"
EndProject
Global
	GlobalSection(SolutionConfigurationPlatforms) = preSolution
		Debug|Any CPU = Debug|Any CPU
		Release|Any CPU = Release|Any CPU
	EndGlobalSection
	GlobalSection(ProjectConfigurationPlatforms) = postSolution
		{90D80AA8-DC37-4737-AFED-288FD6F50729}.Debug|Any CPU.ActiveCfg = Debug|Any CPU
		{90D80AA8-DC37-4737-AFED-288FD6F50729}.Debug|Any CPU.Build.0 = Debug|Any CPU
		{90D80AA8-DC37-4737-AFED-288FD6F50729}.Release|Any CPU.ActiveCfg = Release|Any CPU
		{90D80AA8-DC37-4737-AFED-288FD6F50729}.Release|Any CPU.Build.0 = Release|Any CPU
	EndGlobalSection
	GlobalSection(SolutionProperties) = preSolution
		HideSolutionNode = FALSE
	EndGlobalSection
	GlobalSection(ExtensibilityGlobals) = postSolution
		SolutionGuid = {230CE259-8910-4764-B20D-A9ACEE8F6C5A}
	EndGlobalSection
EndGlobal
