
Microsoft Visual Studio Solution File, Format Version 12.00
# Visual Studio 2012
Project("{FAE04EC0-301F-11D3-BF4B-00C04F79EFBC}") = "UtilsApp", "UtilsApp\UtilsApp.csproj", "{CE98015B-05AE-4C2C-AA1D-F266B23AA4CE}"
EndProject
Project("{FAE04EC0-301F-11D3-BF4B-00C04F79EFBC}") = "ConsoleApplication1", "ConsoleApplication1\ConsoleApplication1.csproj", "{945AF288-EA29-4EF6-B8ED-C05E09DB89CD}"
EndProject
Global
	GlobalSection(SolutionConfigurationPlatforms) = preSolution
		Debug|Any CPU = Debug|Any CPU
		Release|Any CPU = Release|Any CPU
	EndGlobalSection
	GlobalSection(ProjectConfigurationPlatforms) = postSolution
		{CE98015B-05AE-4C2C-AA1D-F266B23AA4CE}.Debug|Any CPU.ActiveCfg = Debug|Any CPU
		{CE98015B-05AE-4C2C-AA1D-F266B23AA4CE}.Debug|Any CPU.Build.0 = Debug|Any CPU
		{CE98015B-05AE-4C2C-AA1D-F266B23AA4CE}.Release|Any CPU.ActiveCfg = Release|Any CPU
		{CE98015B-05AE-4C2C-AA1D-F266B23AA4CE}.Release|Any CPU.Build.0 = Release|Any CPU
		{945AF288-EA29-4EF6-B8ED-C05E09DB89CD}.Debug|Any CPU.ActiveCfg = Debug|Any CPU
		{945AF288-EA29-4EF6-B8ED-C05E09DB89CD}.Debug|Any CPU.Build.0 = Debug|Any CPU
		{945AF288-EA29-4EF6-B8ED-C05E09DB89CD}.Release|Any CPU.ActiveCfg = Release|Any CPU
		{945AF288-EA29-4EF6-B8ED-C05E09DB89CD}.Release|Any CPU.Build.0 = Release|Any CPU
	EndGlobalSection
	GlobalSection(SolutionProperties) = preSolution
		HideSolutionNode = FALSE
	EndGlobalSection
EndGlobal
