
Microsoft Visual Studio Solution File, Format Version 12.00
# Visual Studio 15
VisualStudioVersion = 15.0.27703.2042
MinimumVisualStudioVersion = 10.0.40219.1
Project("{FAE04EC0-301F-11D3-BF4B-00C04F79EFBC}") = "EX-REST-Phase6", "EX-REST-Phase6\EX-REST-Phase6.csproj", "{1A16C265-760C-4495-96CF-EF8D09A4E252}"
EndProject
Global
	GlobalSection(SolutionConfigurationPlatforms) = preSolution
		Debug|Any CPU = Debug|Any CPU
		Release|Any CPU = Release|Any CPU
	EndGlobalSection
	GlobalSection(ProjectConfigurationPlatforms) = postSolution
		{1A16C265-760C-4495-96CF-EF8D09A4E252}.Debug|Any CPU.ActiveCfg = Debug|Any CPU
		{1A16C265-760C-4495-96CF-EF8D09A4E252}.Debug|Any CPU.Build.0 = Debug|Any CPU
		{1A16C265-760C-4495-96CF-EF8D09A4E252}.Release|Any CPU.ActiveCfg = Release|Any CPU
		{1A16C265-760C-4495-96CF-EF8D09A4E252}.Release|Any CPU.Build.0 = Release|Any CPU
	EndGlobalSection
	GlobalSection(SolutionProperties) = preSolution
		HideSolutionNode = FALSE
	EndGlobalSection
	GlobalSection(ExtensibilityGlobals) = postSolution
		SolutionGuid = {7F8F4462-2788-441A-85A6-03A8E6D409E4}
	EndGlobalSection
EndGlobal
