
Microsoft Visual Studio Solution File, Format Version 12.00
# Visual Studio 2012
Project("{FAE04EC0-301F-11D3-BF4B-00C04F79EFBC}") = "P11- Using the DLLImport Attribute", "P11- Using the DLLImport Attribute.csproj", "{75543C24-DE1E-4A4F-AD21-AAAFED542BE4}"
EndProject
Global
	GlobalSection(SolutionConfigurationPlatforms) = preSolution
		Debug|Any CPU = Debug|Any CPU
		Release|Any CPU = Release|Any CPU
	EndGlobalSection
	GlobalSection(ProjectConfigurationPlatforms) = postSolution
		{75543C24-DE1E-4A4F-AD21-AAAFED542BE4}.Debug|Any CPU.ActiveCfg = Debug|Any CPU
		{75543C24-DE1E-4A4F-AD21-AAAFED542BE4}.Debug|Any CPU.Build.0 = Debug|Any CPU
		{75543C24-DE1E-4A4F-AD21-AAAFED542BE4}.Release|Any CPU.ActiveCfg = Release|Any CPU
		{75543C24-DE1E-4A4F-AD21-AAAFED542BE4}.Release|Any CPU.Build.0 = Release|Any CPU
	EndGlobalSection
	GlobalSection(SolutionProperties) = preSolution
		HideSolutionNode = FALSE
	EndGlobalSection
EndGlobal
