
Microsoft Visual Studio Solution File, Format Version 12.00
# Visual Studio 2012
Project("{FAE04EC0-301F-11D3-BF4B-00C04F79EFBC}") = "Program", "Program\Program.csproj", "{08332C50-AD03-4AA7-8F65-41D1ADE96008}"
EndProject
Project("{FAE04EC0-301F-11D3-BF4B-00C04F79EFBC}") = "CalcClasses", "CalcClasses\CalcClasses.csproj", "{D3B8CD91-9818-4907-AB6B-BEB43BBF7702}"
EndProject
Project("{FAE04EC0-301F-11D3-BF4B-00C04F79EFBC}") = "Interfaces", "Interfaces\Interfaces.csproj", "{39868E7A-8A5E-41FC-9030-21AB33C9E46B}"
EndProject
Global
	GlobalSection(SolutionConfigurationPlatforms) = preSolution
		Debug|Any CPU = Debug|Any CPU
		Debug|Mixed Platforms = Debug|Mixed Platforms
		Debug|x86 = Debug|x86
		Release|Any CPU = Release|Any CPU
		Release|Mixed Platforms = Release|Mixed Platforms
		Release|x86 = Release|x86
	EndGlobalSection
	GlobalSection(ProjectConfigurationPlatforms) = postSolution
		{08332C50-AD03-4AA7-8F65-41D1ADE96008}.Debug|Any CPU.ActiveCfg = Debug|x86
		{08332C50-AD03-4AA7-8F65-41D1ADE96008}.Debug|Mixed Platforms.ActiveCfg = Debug|x86
		{08332C50-AD03-4AA7-8F65-41D1ADE96008}.Debug|Mixed Platforms.Build.0 = Debug|x86
		{08332C50-AD03-4AA7-8F65-41D1ADE96008}.Debug|x86.ActiveCfg = Debug|x86
		{08332C50-AD03-4AA7-8F65-41D1ADE96008}.Debug|x86.Build.0 = Debug|x86
		{08332C50-AD03-4AA7-8F65-41D1ADE96008}.Release|Any CPU.ActiveCfg = Release|x86
		{08332C50-AD03-4AA7-8F65-41D1ADE96008}.Release|Mixed Platforms.ActiveCfg = Release|x86
		{08332C50-AD03-4AA7-8F65-41D1ADE96008}.Release|Mixed Platforms.Build.0 = Release|x86
		{08332C50-AD03-4AA7-8F65-41D1ADE96008}.Release|x86.ActiveCfg = Release|x86
		{08332C50-AD03-4AA7-8F65-41D1ADE96008}.Release|x86.Build.0 = Release|x86
		{D3B8CD91-9818-4907-AB6B-BEB43BBF7702}.Debug|Any CPU.ActiveCfg = Debug|Any CPU
		{D3B8CD91-9818-4907-AB6B-BEB43BBF7702}.Debug|Any CPU.Build.0 = Debug|Any CPU
		{D3B8CD91-9818-4907-AB6B-BEB43BBF7702}.Debug|Mixed Platforms.ActiveCfg = Debug|Any CPU
		{D3B8CD91-9818-4907-AB6B-BEB43BBF7702}.Debug|Mixed Platforms.Build.0 = Debug|Any CPU
		{D3B8CD91-9818-4907-AB6B-BEB43BBF7702}.Debug|x86.ActiveCfg = Debug|Any CPU
		{D3B8CD91-9818-4907-AB6B-BEB43BBF7702}.Release|Any CPU.ActiveCfg = Release|Any CPU
		{D3B8CD91-9818-4907-AB6B-BEB43BBF7702}.Release|Any CPU.Build.0 = Release|Any CPU
		{D3B8CD91-9818-4907-AB6B-BEB43BBF7702}.Release|Mixed Platforms.ActiveCfg = Release|Any CPU
		{D3B8CD91-9818-4907-AB6B-BEB43BBF7702}.Release|Mixed Platforms.Build.0 = Release|Any CPU
		{D3B8CD91-9818-4907-AB6B-BEB43BBF7702}.Release|x86.ActiveCfg = Release|Any CPU
		{39868E7A-8A5E-41FC-9030-21AB33C9E46B}.Debug|Any CPU.ActiveCfg = Debug|Any CPU
		{39868E7A-8A5E-41FC-9030-21AB33C9E46B}.Debug|Any CPU.Build.0 = Debug|Any CPU
		{39868E7A-8A5E-41FC-9030-21AB33C9E46B}.Debug|Mixed Platforms.ActiveCfg = Debug|Any CPU
		{39868E7A-8A5E-41FC-9030-21AB33C9E46B}.Debug|Mixed Platforms.Build.0 = Debug|Any CPU
		{39868E7A-8A5E-41FC-9030-21AB33C9E46B}.Debug|x86.ActiveCfg = Debug|Any CPU
		{39868E7A-8A5E-41FC-9030-21AB33C9E46B}.Release|Any CPU.ActiveCfg = Release|Any CPU
		{39868E7A-8A5E-41FC-9030-21AB33C9E46B}.Release|Any CPU.Build.0 = Release|Any CPU
		{39868E7A-8A5E-41FC-9030-21AB33C9E46B}.Release|Mixed Platforms.ActiveCfg = Release|Any CPU
		{39868E7A-8A5E-41FC-9030-21AB33C9E46B}.Release|Mixed Platforms.Build.0 = Release|Any CPU
		{39868E7A-8A5E-41FC-9030-21AB33C9E46B}.Release|x86.ActiveCfg = Release|Any CPU
	EndGlobalSection
	GlobalSection(SolutionProperties) = preSolution
		HideSolutionNode = FALSE
	EndGlobalSection
EndGlobal
