
Microsoft Visual Studio Solution File, Format Version 12.00
# Visual Studio 15
VisualStudioVersion = 15.0.27703.2042
MinimumVisualStudioVersion = 10.0.40219.1
Project("{FAE04EC0-301F-11D3-BF4B-00C04F79EFBC}") = "ConsoleApplication22", "ConsoleApplication22\ConsoleApplication22.csproj", "{15E6D62D-F9EE-42CE-A9C1-19FFB0CFD9EB}"
EndProject
Global
	GlobalSection(SolutionConfigurationPlatforms) = preSolution
		Debug|Any CPU = Debug|Any CPU
		Release|Any CPU = Release|Any CPU
	EndGlobalSection
	GlobalSection(ProjectConfigurationPlatforms) = postSolution
		{15E6D62D-F9EE-42CE-A9C1-19FFB0CFD9EB}.Debug|Any CPU.ActiveCfg = Debug|Any CPU
		{15E6D62D-F9EE-42CE-A9C1-19FFB0CFD9EB}.Debug|Any CPU.Build.0 = Debug|Any CPU
		{15E6D62D-F9EE-42CE-A9C1-19FFB0CFD9EB}.Release|Any CPU.ActiveCfg = Release|Any CPU
		{15E6D62D-F9EE-42CE-A9C1-19FFB0CFD9EB}.Release|Any CPU.Build.0 = Release|Any CPU
	EndGlobalSection
	GlobalSection(SolutionProperties) = preSolution
		HideSolutionNode = FALSE
	EndGlobalSection
	GlobalSection(ExtensibilityGlobals) = postSolution
		SolutionGuid = {A9132C3F-48E6-4044-BC07-5D8CB01A3746}
	EndGlobalSection
EndGlobal
