
Microsoft Visual Studio Solution File, Format Version 11.00
# Visual Studio 2010
Project("{FAE04EC0-301F-11D3-BF4B-00C04F79EFBC}") = "P26 to P30-PerformanceCounters", "P26 to P30-PerformanceCounters.csproj", "{4FF50C9C-9F2C-4357-8C90-4A33CDF7EB13}"
EndProject
Global
	GlobalSection(SolutionConfigurationPlatforms) = preSolution
		Debug|Any CPU = Debug|Any CPU
		Release|Any CPU = Release|Any CPU
	EndGlobalSection
	GlobalSection(ProjectConfigurationPlatforms) = postSolution
		{4FF50C9C-9F2C-4357-8C90-4A33CDF7EB13}.Debug|Any CPU.ActiveCfg = Debug|Any CPU
		{4FF50C9C-9F2C-4357-8C90-4A33CDF7EB13}.Debug|Any CPU.Build.0 = Debug|Any CPU
		{4FF50C9C-9F2C-4357-8C90-4A33CDF7EB13}.Release|Any CPU.ActiveCfg = Release|Any CPU
		{4FF50C9C-9F2C-4357-8C90-4A33CDF7EB13}.Release|Any CPU.Build.0 = Release|Any CPU
	EndGlobalSection
	GlobalSection(SolutionProperties) = preSolution
		HideSolutionNode = FALSE
	EndGlobalSection
EndGlobal
