
Microsoft Visual Studio Solution File, Format Version 12.00
# Visual Studio 2012
Project("{FAE04EC0-301F-11D3-BF4B-00C04F79EFBC}") = "MyApp", "MyApp\MyApp.csproj", "{18F0590C-6D79-42EC-91B8-2DC86E0CFE09}"
EndProject
Project("{FAE04EC0-301F-11D3-BF4B-00C04F79EFBC}") = "Calc", "Calc\Calc.csproj", "{35364EA7-77BE-466D-A7FC-CDAD79C8788E}"
EndProject
Global
	GlobalSection(SolutionConfigurationPlatforms) = preSolution
		Debug|Any CPU = Debug|Any CPU
		Release|Any CPU = Release|Any CPU
	EndGlobalSection
	GlobalSection(ProjectConfigurationPlatforms) = postSolution
		{18F0590C-6D79-42EC-91B8-2DC86E0CFE09}.Debug|Any CPU.ActiveCfg = Debug|Any CPU
		{18F0590C-6D79-42EC-91B8-2DC86E0CFE09}.Debug|Any CPU.Build.0 = Debug|Any CPU
		{18F0590C-6D79-42EC-91B8-2DC86E0CFE09}.Release|Any CPU.ActiveCfg = Release|Any CPU
		{18F0590C-6D79-42EC-91B8-2DC86E0CFE09}.Release|Any CPU.Build.0 = Release|Any CPU
		{35364EA7-77BE-466D-A7FC-CDAD79C8788E}.Debug|Any CPU.ActiveCfg = Debug|Any CPU
		{35364EA7-77BE-466D-A7FC-CDAD79C8788E}.Debug|Any CPU.Build.0 = Debug|Any CPU
		{35364EA7-77BE-466D-A7FC-CDAD79C8788E}.Release|Any CPU.ActiveCfg = Release|Any CPU
		{35364EA7-77BE-466D-A7FC-CDAD79C8788E}.Release|Any CPU.Build.0 = Release|Any CPU
	EndGlobalSection
	GlobalSection(SolutionProperties) = preSolution
		HideSolutionNode = FALSE
	EndGlobalSection
EndGlobal
