
Microsoft Visual Studio Solution File, Format Version 12.00
# Visual Studio 2012
Project("{FAE04EC0-301F-11D3-BF4B-00C04F79EFBC}") = "P14- Defining Custom Attributes", "P14- Defining Custom Attributes.csproj", "{18F984F2-3170-4ECB-8CBF-8C759D8E5D26}"
EndProject
Global
	GlobalSection(SolutionConfigurationPlatforms) = preSolution
		Debug|Any CPU = Debug|Any CPU
		Release|Any CPU = Release|Any CPU
	EndGlobalSection
	GlobalSection(ProjectConfigurationPlatforms) = postSolution
		{18F984F2-3170-4ECB-8CBF-8C759D8E5D26}.Debug|Any CPU.ActiveCfg = Debug|Any CPU
		{18F984F2-3170-4ECB-8CBF-8C759D8E5D26}.Debug|Any CPU.Build.0 = Debug|Any CPU
		{18F984F2-3170-4ECB-8CBF-8C759D8E5D26}.Release|Any CPU.ActiveCfg = Release|Any CPU
		{18F984F2-3170-4ECB-8CBF-8C759D8E5D26}.Release|Any CPU.Build.0 = Release|Any CPU
	EndGlobalSection
	GlobalSection(SolutionProperties) = preSolution
		HideSolutionNode = FALSE
	EndGlobalSection
EndGlobal
