
Microsoft Visual Studio Solution File, Format Version 12.00
# Visual Studio 15
VisualStudioVersion = 15.0.27703.2042
MinimumVisualStudioVersion = 10.0.40219.1
Project("{FAE04EC0-301F-11D3-BF4B-00C04F79EFBC}") = "00e-SimpleBinding", "00e-SimpleBinding\00e-SimpleBinding.csproj", "{8B2E1504-B247-431E-B604-9C25471D71C1}"
EndProject
Global
	GlobalSection(SolutionConfigurationPlatforms) = preSolution
		Debug|Any CPU = Debug|Any CPU
		Release|Any CPU = Release|Any CPU
	EndGlobalSection
	GlobalSection(ProjectConfigurationPlatforms) = postSolution
		{8B2E1504-B247-431E-B604-9C25471D71C1}.Debug|Any CPU.ActiveCfg = Debug|Any CPU
		{8B2E1504-B247-431E-B604-9C25471D71C1}.Debug|Any CPU.Build.0 = Debug|Any CPU
		{8B2E1504-B247-431E-B604-9C25471D71C1}.Release|Any CPU.ActiveCfg = Release|Any CPU
		{8B2E1504-B247-431E-B604-9C25471D71C1}.Release|Any CPU.Build.0 = Release|Any CPU
	EndGlobalSection
	GlobalSection(SolutionProperties) = preSolution
		HideSolutionNode = FALSE
	EndGlobalSection
	GlobalSection(ExtensibilityGlobals) = postSolution
		SolutionGuid = {4F455040-04E8-43ED-873A-CC7E01FAA4A7}
	EndGlobalSection
EndGlobal
