
Microsoft Visual Studio Solution File, Format Version 12.00
# Visual Studio 15
VisualStudioVersion = 15.0.27703.2042
MinimumVisualStudioVersion = 10.0.40219.1
Project("{FAE04EC0-301F-11D3-BF4B-00C04F79EFBC}") = "00a-SimpleClass", "00a-SimpleClass\00a-SimpleClass.csproj", "{4A8850DB-72F7-49D0-9103-1D52C0EEFAAB}"
EndProject
Global
	GlobalSection(SolutionConfigurationPlatforms) = preSolution
		Debug|Any CPU = Debug|Any CPU
		Release|Any CPU = Release|Any CPU
	EndGlobalSection
	GlobalSection(ProjectConfigurationPlatforms) = postSolution
		{4A8850DB-72F7-49D0-9103-1D52C0EEFAAB}.Debug|Any CPU.ActiveCfg = Debug|Any CPU
		{4A8850DB-72F7-49D0-9103-1D52C0EEFAAB}.Debug|Any CPU.Build.0 = Debug|Any CPU
		{4A8850DB-72F7-49D0-9103-1D52C0EEFAAB}.Release|Any CPU.ActiveCfg = Release|Any CPU
		{4A8850DB-72F7-49D0-9103-1D52C0EEFAAB}.Release|Any CPU.Build.0 = Release|Any CPU
	EndGlobalSection
	GlobalSection(SolutionProperties) = preSolution
		HideSolutionNode = FALSE
	EndGlobalSection
	GlobalSection(ExtensibilityGlobals) = postSolution
		SolutionGuid = {1B68F8D0-475D-4D2E-B067-09508817C775}
	EndGlobalSection
EndGlobal
