
Microsoft Visual Studio Solution File, Format Version 12.00
# Visual Studio 15
VisualStudioVersion = 15.0.27703.2042
MinimumVisualStudioVersion = 10.0.40219.1
Project("{FAE04EC0-301F-11D3-BF4B-00C04F79EFBC}") = "00-FromDelegatestoEvents", "00-FromDelegatestoEvents\00-FromDelegatestoEvents.csproj", "{B943DC6D-403C-4545-9BC7-D3E856903973}"
EndProject
Project("{FAE04EC0-301F-11D3-BF4B-00C04F79EFBC}") = "FileUtility", "FileUtility\FileUtility.csproj", "{AC06D177-13E0-46E8-B296-64438D57B0FC}"
EndProject
Global
	GlobalSection(SolutionConfigurationPlatforms) = preSolution
		Debug|Any CPU = Debug|Any CPU
		Release|Any CPU = Release|Any CPU
	EndGlobalSection
	GlobalSection(ProjectConfigurationPlatforms) = postSolution
		{B943DC6D-403C-4545-9BC7-D3E856903973}.Debug|Any CPU.ActiveCfg = Debug|Any CPU
		{B943DC6D-403C-4545-9BC7-D3E856903973}.Debug|Any CPU.Build.0 = Debug|Any CPU
		{B943DC6D-403C-4545-9BC7-D3E856903973}.Release|Any CPU.ActiveCfg = Release|Any CPU
		{B943DC6D-403C-4545-9BC7-D3E856903973}.Release|Any CPU.Build.0 = Release|Any CPU
		{AC06D177-13E0-46E8-B296-64438D57B0FC}.Debug|Any CPU.ActiveCfg = Debug|Any CPU
		{AC06D177-13E0-46E8-B296-64438D57B0FC}.Debug|Any CPU.Build.0 = Debug|Any CPU
		{AC06D177-13E0-46E8-B296-64438D57B0FC}.Release|Any CPU.ActiveCfg = Release|Any CPU
		{AC06D177-13E0-46E8-B296-64438D57B0FC}.Release|Any CPU.Build.0 = Release|Any CPU
	EndGlobalSection
	GlobalSection(SolutionProperties) = preSolution
		HideSolutionNode = FALSE
	EndGlobalSection
	GlobalSection(ExtensibilityGlobals) = postSolution
		SolutionGuid = {1AB7646A-703F-4ACA-80E8-EA126915C38F}
	EndGlobalSection
EndGlobal
