
Microsoft Visual Studio Solution File, Format Version 12.00
# Visual Studio 15
VisualStudioVersion = 15.0.27703.2042
MinimumVisualStudioVersion = 10.0.40219.1
Project("{FAE04EC0-301F-11D3-BF4B-00C04F79EFBC}") = "00a-Files", "00a-Files\00a-Files.csproj", "{D57A855F-985F-47AB-A6D9-789814F6FF61}"
EndProject
Global
	GlobalSection(SolutionConfigurationPlatforms) = preSolution
		Debug|Any CPU = Debug|Any CPU
		Release|Any CPU = Release|Any CPU
	EndGlobalSection
	GlobalSection(ProjectConfigurationPlatforms) = postSolution
		{D57A855F-985F-47AB-A6D9-789814F6FF61}.Debug|Any CPU.ActiveCfg = Debug|Any CPU
		{D57A855F-985F-47AB-A6D9-789814F6FF61}.Debug|Any CPU.Build.0 = Debug|Any CPU
		{D57A855F-985F-47AB-A6D9-789814F6FF61}.Release|Any CPU.ActiveCfg = Release|Any CPU
		{D57A855F-985F-47AB-A6D9-789814F6FF61}.Release|Any CPU.Build.0 = Release|Any CPU
	EndGlobalSection
	GlobalSection(SolutionProperties) = preSolution
		HideSolutionNode = FALSE
	EndGlobalSection
	GlobalSection(ExtensibilityGlobals) = postSolution
		SolutionGuid = {9F03BD30-90B5-43BF-82EB-86E72DA4830D}
	EndGlobalSection
EndGlobal
