
Microsoft Visual Studio Solution File, Format Version 11.00
# Visual Studio 2010
Project("{FAE04EC0-301F-11D3-BF4B-00C04F79EFBC}") = "MapEntityToMultipleTables", "MapEntityToMultipleTables.csproj", "{EB75F0EC-8611-447B-B703-DB78E0C2B78A}"
EndProject
Global
	GlobalSection(SolutionConfigurationPlatforms) = preSolution
		Debug|Any CPU = Debug|Any CPU
		Release|Any CPU = Release|Any CPU
	EndGlobalSection
	GlobalSection(ProjectConfigurationPlatforms) = postSolution
		{EB75F0EC-8611-447B-B703-DB78E0C2B78A}.Debug|Any CPU.ActiveCfg = Debug|Any CPU
		{EB75F0EC-8611-447B-B703-DB78E0C2B78A}.Debug|Any CPU.Build.0 = Debug|Any CPU
		{EB75F0EC-8611-447B-B703-DB78E0C2B78A}.Release|Any CPU.ActiveCfg = Release|Any CPU
		{EB75F0EC-8611-447B-B703-DB78E0C2B78A}.Release|Any CPU.Build.0 = Release|Any CPU
	EndGlobalSection
	GlobalSection(SolutionProperties) = preSolution
		HideSolutionNode = FALSE
	EndGlobalSection
EndGlobal
